
Microsoft Visual Studio Solution File, Format Version 12.00
# Visual Studio Version 17
VisualStudioVersion = 17.7.34031.279
MinimumVisualStudioVersion = 10.0.40219.1
Project("{9A19103F-16F7-4668-BE54-9A1E7A4F7556}") = "Homework33", "Homework33\Homework33.csproj", "{3DF0A26E-8BD7-4251-805C-2B206C2FCDA4}"
EndProject
Project("{9A19103F-16F7-4668-BE54-9A1E7A4F7556}") = "Homework32", "..\Homework32\Homework32\Homework32.csproj", "{71A1582F-5908-4578-9516-1CF8ADFD3082}"
EndProject
Project("{9A19103F-16F7-4668-BE54-9A1E7A4F7556}") = "Homework31", "..\Homework31\Homework31\Homework31.csproj", "{D0A26CB3-68D8-49E2-ADF2-FC31E70CA809}"
EndProject
Global
	GlobalSection(SolutionConfigurationPlatforms) = preSolution
		Debug|Any CPU = Debug|Any CPU
		Release|Any CPU = Release|Any CPU
	EndGlobalSection
	GlobalSection(ProjectConfigurationPlatforms) = postSolution
		{3DF0A26E-8BD7-4251-805C-2B206C2FCDA4}.Debug|Any CPU.ActiveCfg = Debug|Any CPU
		{3DF0A26E-8BD7-4251-805C-2B206C2FCDA4}.Debug|Any CPU.Build.0 = Debug|Any CPU
		{3DF0A26E-8BD7-4251-805C-2B206C2FCDA4}.Release|Any CPU.ActiveCfg = Release|Any CPU
		{3DF0A26E-8BD7-4251-805C-2B206C2FCDA4}.Release|Any CPU.Build.0 = Release|Any CPU
		{71A1582F-5908-4578-9516-1CF8ADFD3082}.Debug|Any CPU.ActiveCfg = Debug|Any CPU
		{71A1582F-5908-4578-9516-1CF8ADFD3082}.Debug|Any CPU.Build.0 = Debug|Any CPU
		{71A1582F-5908-4578-9516-1CF8ADFD3082}.Release|Any CPU.ActiveCfg = Release|Any CPU
		{71A1582F-5908-4578-9516-1CF8ADFD3082}.Release|Any CPU.Build.0 = Release|Any CPU
		{D0A26CB3-68D8-49E2-ADF2-FC31E70CA809}.Debug|Any CPU.ActiveCfg = Debug|Any CPU
		{D0A26CB3-68D8-49E2-ADF2-FC31E70CA809}.Debug|Any CPU.Build.0 = Debug|Any CPU
		{D0A26CB3-68D8-49E2-ADF2-FC31E70CA809}.Release|Any CPU.ActiveCfg = Release|Any CPU
		{D0A26CB3-68D8-49E2-ADF2-FC31E70CA809}.Release|Any CPU.Build.0 = Release|Any CPU
	EndGlobalSection
	GlobalSection(SolutionProperties) = preSolution
		HideSolutionNode = FALSE
	EndGlobalSection
	GlobalSection(ExtensibilityGlobals) = postSolution
		SolutionGuid = {ECAE8A9F-5B97-4D90-BE05-79629E6388F7}
	EndGlobalSection
EndGlobal
